
Microsoft Visual Studio Solution File, Format Version 12.00
# Visual Studio 15
Project("{FAE04EC0-301F-11D3-BF4B-00C04F79EFBC}") = "Unity.XR.Interaction.Toolkit.Samples.SpatialKeyboard.Editor", "Unity.XR.Interaction.Toolkit.Samples.SpatialKeyboard.Editor.csproj", "{B0D060B4-D36A-53F9-723F-34A216126ECE}"
EndProject
Project("{FAE04EC0-301F-11D3-BF4B-00C04F79EFBC}") = "Unity.XR.Interaction.Toolkit.Samples.StarterAssets", "Unity.XR.Interaction.Toolkit.Samples.StarterAssets.csproj", "{64328A8E-BF78-355E-D79B-74A54EF72D1F}"
EndProject
Project("{FAE04EC0-301F-11D3-BF4B-00C04F79EFBC}") = "Unity.XR.Interaction.Toolkit.Samples.SpatialKeyboard", "Unity.XR.Interaction.Toolkit.Samples.SpatialKeyboard.csproj", "{F96B3B5E-901E-6D0C-7943-EBC1EDC34548}"
EndProject
Project("{FAE04EC0-301F-11D3-BF4B-00C04F79EFBC}") = "Unity.XR.Interaction.Toolkit.Samples.Hands", "Unity.XR.Interaction.Toolkit.Samples.Hands.csproj", "{6345FC1C-D266-972F-CA08-723F9A284E50}"
EndProject
Project("{FAE04EC0-301F-11D3-BF4B-00C04F79EFBC}") = "Unity.XR.Interaction.Toolkit.Samples.StarterAssets.Editor", "Unity.XR.Interaction.Toolkit.Samples.StarterAssets.Editor.csproj", "{8B3994C1-7B1C-7EEE-FF9C-F086E2E1427B}"
EndProject
Project("{FAE04EC0-301F-11D3-BF4B-00C04F79EFBC}") = "Unity.XR.Interaction.Toolkit.Samples.ARStarterAssets", "Unity.XR.Interaction.Toolkit.Samples.ARStarterAssets.csproj", "{C0903051-480C-971B-C337-378D45EA87CB}"
EndProject
Project("{FAE04EC0-301F-11D3-BF4B-00C04F79EFBC}") = "Unity.XR.Interaction.Toolkit.Samples.VisionOS", "Unity.XR.Interaction.Toolkit.Samples.VisionOS.csproj", "{5FDA2BB4-77A4-CB7A-5530-8CED5A5AFE8A}"
EndProject
Project("{FAE04EC0-301F-11D3-BF4B-00C04F79EFBC}") = "Unity.XR.Interaction.Toolkit.Samples.ARStarterAssets.Editor", "Unity.XR.Interaction.Toolkit.Samples.ARStarterAssets.Editor.csproj", "{253F665B-52A8-6CCF-5BCC-0470D6153295}"
EndProject
Project("{FAE04EC0-301F-11D3-BF4B-00C04F79EFBC}") = "Unity.XR.Interaction.Toolkit.Samples.DeviceSimulator", "Unity.XR.Interaction.Toolkit.Samples.DeviceSimulator.csproj", "{10AE3D8A-B5F4-FFC5-7436-9189D2B32719}"
EndProject
Project("{FAE04EC0-301F-11D3-BF4B-00C04F79EFBC}") = "Unity.XR.Hands.Samples.VisualizerSample", "Unity.XR.Hands.Samples.VisualizerSample.csproj", "{22FB1350-86F7-7E5D-73D8-D4611D045A09}"
EndProject
Project("{FAE04EC0-301F-11D3-BF4B-00C04F79EFBC}") = "Assembly-CSharp-Editor", "Assembly-CSharp-Editor.csproj", "{61F9FC83-EDF7-C1FF-1869-BAA58EC8552C}"
EndProject
Project("{FAE04EC0-301F-11D3-BF4B-00C04F79EFBC}") = "Assembly-CSharp", "Assembly-CSharp.csproj", "{401CA545-83FE-E03D-B5EA-2AECC731AC1A}"
EndProject
Project("{FAE04EC0-301F-11D3-BF4B-00C04F79EFBC}") = "Unity.XR.Interaction.Toolkit.Samples.VisionOS.Editor", "Unity.XR.Interaction.Toolkit.Samples.VisionOS.Editor.csproj", "{0DC24E5E-6D6E-D171-6EAD-6118E644960C}"
EndProject
Project("{FAE04EC0-301F-11D3-BF4B-00C04F79EFBC}") = "Unity.XR.Interaction.Toolkit.Samples.Hands.Editor", "Unity.XR.Interaction.Toolkit.Samples.Hands.Editor.csproj", "{B03DA58F-0352-9D76-BFB4-D89C0D05C0CF}"
EndProject
Global
	GlobalSection(SolutionConfigurationPlatforms) = preSolution
		Debug|Any CPU = Debug|Any CPU
		Release|Any CPU = Release|Any CPU
	EndGlobalSection
	GlobalSection(ProjectConfigurationPlatforms) = postSolution
		{B0D060B4-D36A-53F9-723F-34A216126ECE}.Debug|Any CPU.ActiveCfg = Debug|Any CPU
		{B0D060B4-D36A-53F9-723F-34A216126ECE}.Debug|Any CPU.Build.0 = Debug|Any CPU
		{B0D060B4-D36A-53F9-723F-34A216126ECE}.Release|Any CPU.ActiveCfg = Release|Any CPU
		{B0D060B4-D36A-53F9-723F-34A216126ECE}.Release|Any CPU.Build.0 = Release|Any CPU
		{64328A8E-BF78-355E-D79B-74A54EF72D1F}.Debug|Any CPU.ActiveCfg = Debug|Any CPU
		{64328A8E-BF78-355E-D79B-74A54EF72D1F}.Debug|Any CPU.Build.0 = Debug|Any CPU
		{64328A8E-BF78-355E-D79B-74A54EF72D1F}.Release|Any CPU.ActiveCfg = Release|Any CPU
		{64328A8E-BF78-355E-D79B-74A54EF72D1F}.Release|Any CPU.Build.0 = Release|Any CPU
		{F96B3B5E-901E-6D0C-7943-EBC1EDC34548}.Debug|Any CPU.ActiveCfg = Debug|Any CPU
		{F96B3B5E-901E-6D0C-7943-EBC1EDC34548}.Debug|Any CPU.Build.0 = Debug|Any CPU
		{F96B3B5E-901E-6D0C-7943-EBC1EDC34548}.Release|Any CPU.ActiveCfg = Release|Any CPU
		{F96B3B5E-901E-6D0C-7943-EBC1EDC34548}.Release|Any CPU.Build.0 = Release|Any CPU
		{6345FC1C-D266-972F-CA08-723F9A284E50}.Debug|Any CPU.ActiveCfg = Debug|Any CPU
		{6345FC1C-D266-972F-CA08-723F9A284E50}.Debug|Any CPU.Build.0 = Debug|Any CPU
		{6345FC1C-D266-972F-CA08-723F9A284E50}.Release|Any CPU.ActiveCfg = Release|Any CPU
		{6345FC1C-D266-972F-CA08-723F9A284E50}.Release|Any CPU.Build.0 = Release|Any CPU
		{8B3994C1-7B1C-7EEE-FF9C-F086E2E1427B}.Debug|Any CPU.ActiveCfg = Debug|Any CPU
		{8B3994C1-7B1C-7EEE-FF9C-F086E2E1427B}.Debug|Any CPU.Build.0 = Debug|Any CPU
		{8B3994C1-7B1C-7EEE-FF9C-F086E2E1427B}.Release|Any CPU.ActiveCfg = Release|Any CPU
		{8B3994C1-7B1C-7EEE-FF9C-F086E2E1427B}.Release|Any CPU.Build.0 = Release|Any CPU
		{C0903051-480C-971B-C337-378D45EA87CB}.Debug|Any CPU.ActiveCfg = Debug|Any CPU
		{C0903051-480C-971B-C337-378D45EA87CB}.Debug|Any CPU.Build.0 = Debug|Any CPU
		{C0903051-480C-971B-C337-378D45EA87CB}.Release|Any CPU.ActiveCfg = Release|Any CPU
		{C0903051-480C-971B-C337-378D45EA87CB}.Release|Any CPU.Build.0 = Release|Any CPU
		{5FDA2BB4-77A4-CB7A-5530-8CED5A5AFE8A}.Debug|Any CPU.ActiveCfg = Debug|Any CPU
		{5FDA2BB4-77A4-CB7A-5530-8CED5A5AFE8A}.Debug|Any CPU.Build.0 = Debug|Any CPU
		{5FDA2BB4-77A4-CB7A-5530-8CED5A5AFE8A}.Release|Any CPU.ActiveCfg = Release|Any CPU
		{5FDA2BB4-77A4-CB7A-5530-8CED5A5AFE8A}.Release|Any CPU.Build.0 = Release|Any CPU
		{253F665B-52A8-6CCF-5BCC-0470D6153295}.Debug|Any CPU.ActiveCfg = Debug|Any CPU
		{253F665B-52A8-6CCF-5BCC-0470D6153295}.Debug|Any CPU.Build.0 = Debug|Any CPU
		{253F665B-52A8-6CCF-5BCC-0470D6153295}.Release|Any CPU.ActiveCfg = Release|Any CPU
		{253F665B-52A8-6CCF-5BCC-0470D6153295}.Release|Any CPU.Build.0 = Release|Any CPU
		{10AE3D8A-B5F4-FFC5-7436-9189D2B32719}.Debug|Any CPU.ActiveCfg = Debug|Any CPU
		{10AE3D8A-B5F4-FFC5-7436-9189D2B32719}.Debug|Any CPU.Build.0 = Debug|Any CPU
		{10AE3D8A-B5F4-FFC5-7436-9189D2B32719}.Release|Any CPU.ActiveCfg = Release|Any CPU
		{10AE3D8A-B5F4-FFC5-7436-9189D2B32719}.Release|Any CPU.Build.0 = Release|Any CPU
		{22FB1350-86F7-7E5D-73D8-D4611D045A09}.Debug|Any CPU.ActiveCfg = Debug|Any CPU
		{22FB1350-86F7-7E5D-73D8-D4611D045A09}.Debug|Any CPU.Build.0 = Debug|Any CPU
		{22FB1350-86F7-7E5D-73D8-D4611D045A09}.Release|Any CPU.ActiveCfg = Release|Any CPU
		{22FB1350-86F7-7E5D-73D8-D4611D045A09}.Release|Any CPU.Build.0 = Release|Any CPU
		{61F9FC83-EDF7-C1FF-1869-BAA58EC8552C}.Debug|Any CPU.ActiveCfg = Debug|Any CPU
		{61F9FC83-EDF7-C1FF-1869-BAA58EC8552C}.Debug|Any CPU.Build.0 = Debug|Any CPU
		{61F9FC83-EDF7-C1FF-1869-BAA58EC8552C}.Release|Any CPU.ActiveCfg = Release|Any CPU
		{61F9FC83-EDF7-C1FF-1869-BAA58EC8552C}.Release|Any CPU.Build.0 = Release|Any CPU
		{401CA545-83FE-E03D-B5EA-2AECC731AC1A}.Debug|Any CPU.ActiveCfg = Debug|Any CPU
		{401CA545-83FE-E03D-B5EA-2AECC731AC1A}.Debug|Any CPU.Build.0 = Debug|Any CPU
		{401CA545-83FE-E03D-B5EA-2AECC731AC1A}.Release|Any CPU.ActiveCfg = Release|Any CPU
		{401CA545-83FE-E03D-B5EA-2AECC731AC1A}.Release|Any CPU.Build.0 = Release|Any CPU
		{0DC24E5E-6D6E-D171-6EAD-6118E644960C}.Debug|Any CPU.ActiveCfg = Debug|Any CPU
		{0DC24E5E-6D6E-D171-6EAD-6118E644960C}.Debug|Any CPU.Build.0 = Debug|Any CPU
		{0DC24E5E-6D6E-D171-6EAD-6118E644960C}.Release|Any CPU.ActiveCfg = Release|Any CPU
		{0DC24E5E-6D6E-D171-6EAD-6118E644960C}.Release|Any CPU.Build.0 = Release|Any CPU
		{B03DA58F-0352-9D76-BFB4-D89C0D05C0CF}.Debug|Any CPU.ActiveCfg = Debug|Any CPU
		{B03DA58F-0352-9D76-BFB4-D89C0D05C0CF}.Debug|Any CPU.Build.0 = Debug|Any CPU
		{B03DA58F-0352-9D76-BFB4-D89C0D05C0CF}.Release|Any CPU.ActiveCfg = Release|Any CPU
		{B03DA58F-0352-9D76-BFB4-D89C0D05C0CF}.Release|Any CPU.Build.0 = Release|Any CPU
	EndGlobalSection
	GlobalSection(SolutionProperties) = preSolution
		HideSolutionNode = FALSE
	EndGlobalSection
EndGlobal
